
Microsoft Visual Studio Solution File, Format Version 12.00
# Visual Studio 15
VisualStudioVersion = 15.0.26124.0
MinimumVisualStudioVersion = 15.0.26124.0
Project("{FAE04EC0-301F-11D3-BF4B-00C04F79EFBC}") = "I2PCore", "I2PCore\I2PCore.csproj", "{17377E55-EC32-4CDE-8888-87B5D147A429}"
EndProject
Project("{FAE04EC0-301F-11D3-BF4B-00C04F79EFBC}") = "I2CP", "I2CP\I2CP.csproj", "{C01E277C-C028-453F-8248-C441B260EE37}"
EndProject
Project("{FAE04EC0-301F-11D3-BF4B-00C04F79EFBC}") = "I2PCore.NTests", "I2PCore.NTests\I2PCore.NTests.csproj", "{9F484CCD-67B7-4FF5-AEEC-65FF013E3BC1}"
EndProject
Project("{2150E333-8FDC-42A3-9474-1A3956D46DE8}") = "Samples", "Samples", "{83F32D3F-D150-498C-A71F-870C239A5AB6}"
EndProject
Project("{FAE04EC0-301F-11D3-BF4B-00C04F79EFBC}") = "I2PDemo", "Samples\I2PDemo\I2PDemo.csproj", "{3120AFB5-BB5E-4603-8B8D-9AC28F6F3BE8}"
EndProject
Project("{FAE04EC0-301F-11D3-BF4B-00C04F79EFBC}") = "I2PRouter", "Samples\I2PRouter\I2PRouter.csproj", "{7801246C-DBF0-4911-B9F6-302C6FAFF78B}"
EndProject
Project("{FAE04EC0-301F-11D3-BF4B-00C04F79EFBC}") = "I2PEchoServer", "Samples\I2PEchoServer\I2PEchoServer.csproj", "{746D0C13-93D7-4837-B8C2-D8B794B6DFA1}"
EndProject
Project("{FAE04EC0-301F-11D3-BF4B-00C04F79EFBC}") = "I2PEchoClient", "Samples\I2PEchoClient\I2PEchoClient.csproj", "{D140BFC3-672A-44C6-B18A-94EF3D385737}"
EndProject
Global
	GlobalSection(SolutionConfigurationPlatforms) = preSolution
		Debug|Any CPU = Debug|Any CPU
		Debug|x64 = Debug|x64
		Debug|x86 = Debug|x86
		Release|Any CPU = Release|Any CPU
		Release|x64 = Release|x64
		Release|x86 = Release|x86
	EndGlobalSection
	GlobalSection(SolutionProperties) = preSolution
		HideSolutionNode = FALSE
	EndGlobalSection
	GlobalSection(ProjectConfigurationPlatforms) = postSolution
		{17377E55-EC32-4CDE-8888-87B5D147A429}.Debug|Any CPU.ActiveCfg = Debug|Any CPU
		{17377E55-EC32-4CDE-8888-87B5D147A429}.Debug|Any CPU.Build.0 = Debug|Any CPU
		{17377E55-EC32-4CDE-8888-87B5D147A429}.Debug|x64.ActiveCfg = Debug|Any CPU
		{17377E55-EC32-4CDE-8888-87B5D147A429}.Debug|x64.Build.0 = Debug|Any CPU
		{17377E55-EC32-4CDE-8888-87B5D147A429}.Debug|x86.ActiveCfg = Debug|Any CPU
		{17377E55-EC32-4CDE-8888-87B5D147A429}.Debug|x86.Build.0 = Debug|Any CPU
		{17377E55-EC32-4CDE-8888-87B5D147A429}.Release|Any CPU.ActiveCfg = Release|Any CPU
		{17377E55-EC32-4CDE-8888-87B5D147A429}.Release|Any CPU.Build.0 = Release|Any CPU
		{17377E55-EC32-4CDE-8888-87B5D147A429}.Release|x64.ActiveCfg = Release|Any CPU
		{17377E55-EC32-4CDE-8888-87B5D147A429}.Release|x64.Build.0 = Release|Any CPU
		{17377E55-EC32-4CDE-8888-87B5D147A429}.Release|x86.ActiveCfg = Release|Any CPU
		{17377E55-EC32-4CDE-8888-87B5D147A429}.Release|x86.Build.0 = Release|Any CPU
		{C01E277C-C028-453F-8248-C441B260EE37}.Debug|Any CPU.ActiveCfg = Debug|Any CPU
		{C01E277C-C028-453F-8248-C441B260EE37}.Debug|Any CPU.Build.0 = Debug|Any CPU
		{C01E277C-C028-453F-8248-C441B260EE37}.Debug|x64.ActiveCfg = Debug|Any CPU
		{C01E277C-C028-453F-8248-C441B260EE37}.Debug|x64.Build.0 = Debug|Any CPU
		{C01E277C-C028-453F-8248-C441B260EE37}.Debug|x86.ActiveCfg = Debug|Any CPU
		{C01E277C-C028-453F-8248-C441B260EE37}.Debug|x86.Build.0 = Debug|Any CPU
		{C01E277C-C028-453F-8248-C441B260EE37}.Release|Any CPU.ActiveCfg = Release|Any CPU
		{C01E277C-C028-453F-8248-C441B260EE37}.Release|Any CPU.Build.0 = Release|Any CPU
		{C01E277C-C028-453F-8248-C441B260EE37}.Release|x64.ActiveCfg = Release|Any CPU
		{C01E277C-C028-453F-8248-C441B260EE37}.Release|x64.Build.0 = Release|Any CPU
		{C01E277C-C028-453F-8248-C441B260EE37}.Release|x86.ActiveCfg = Release|Any CPU
		{C01E277C-C028-453F-8248-C441B260EE37}.Release|x86.Build.0 = Release|Any CPU
		{9F484CCD-67B7-4FF5-AEEC-65FF013E3BC1}.Debug|Any CPU.ActiveCfg = Debug|Any CPU
		{9F484CCD-67B7-4FF5-AEEC-65FF013E3BC1}.Debug|Any CPU.Build.0 = Debug|Any CPU
		{9F484CCD-67B7-4FF5-AEEC-65FF013E3BC1}.Debug|x64.ActiveCfg = Debug|Any CPU
		{9F484CCD-67B7-4FF5-AEEC-65FF013E3BC1}.Debug|x64.Build.0 = Debug|Any CPU
		{9F484CCD-67B7-4FF5-AEEC-65FF013E3BC1}.Debug|x86.ActiveCfg = Debug|Any CPU
		{9F484CCD-67B7-4FF5-AEEC-65FF013E3BC1}.Debug|x86.Build.0 = Debug|Any CPU
		{9F484CCD-67B7-4FF5-AEEC-65FF013E3BC1}.Release|Any CPU.ActiveCfg = Release|Any CPU
		{9F484CCD-67B7-4FF5-AEEC-65FF013E3BC1}.Release|Any CPU.Build.0 = Release|Any CPU
		{9F484CCD-67B7-4FF5-AEEC-65FF013E3BC1}.Release|x64.ActiveCfg = Release|Any CPU
		{9F484CCD-67B7-4FF5-AEEC-65FF013E3BC1}.Release|x64.Build.0 = Release|Any CPU
		{9F484CCD-67B7-4FF5-AEEC-65FF013E3BC1}.Release|x86.ActiveCfg = Release|Any CPU
		{9F484CCD-67B7-4FF5-AEEC-65FF013E3BC1}.Release|x86.Build.0 = Release|Any CPU
		{3120AFB5-BB5E-4603-8B8D-9AC28F6F3BE8}.Debug|Any CPU.ActiveCfg = Debug|Any CPU
		{3120AFB5-BB5E-4603-8B8D-9AC28F6F3BE8}.Debug|Any CPU.Build.0 = Debug|Any CPU
		{3120AFB5-BB5E-4603-8B8D-9AC28F6F3BE8}.Debug|x64.ActiveCfg = Debug|Any CPU
		{3120AFB5-BB5E-4603-8B8D-9AC28F6F3BE8}.Debug|x64.Build.0 = Debug|Any CPU
		{3120AFB5-BB5E-4603-8B8D-9AC28F6F3BE8}.Debug|x86.ActiveCfg = Debug|Any CPU
		{3120AFB5-BB5E-4603-8B8D-9AC28F6F3BE8}.Debug|x86.Build.0 = Debug|Any CPU
		{3120AFB5-BB5E-4603-8B8D-9AC28F6F3BE8}.Release|Any CPU.ActiveCfg = Release|Any CPU
		{3120AFB5-BB5E-4603-8B8D-9AC28F6F3BE8}.Release|Any CPU.Build.0 = Release|Any CPU
		{3120AFB5-BB5E-4603-8B8D-9AC28F6F3BE8}.Release|x64.ActiveCfg = Release|Any CPU
		{3120AFB5-BB5E-4603-8B8D-9AC28F6F3BE8}.Release|x64.Build.0 = Release|Any CPU
		{3120AFB5-BB5E-4603-8B8D-9AC28F6F3BE8}.Release|x86.ActiveCfg = Release|Any CPU
		{3120AFB5-BB5E-4603-8B8D-9AC28F6F3BE8}.Release|x86.Build.0 = Release|Any CPU
		{7801246C-DBF0-4911-B9F6-302C6FAFF78B}.Debug|Any CPU.ActiveCfg = Debug|Any CPU
		{7801246C-DBF0-4911-B9F6-302C6FAFF78B}.Debug|Any CPU.Build.0 = Debug|Any CPU
		{7801246C-DBF0-4911-B9F6-302C6FAFF78B}.Debug|x64.ActiveCfg = Debug|Any CPU
		{7801246C-DBF0-4911-B9F6-302C6FAFF78B}.Debug|x64.Build.0 = Debug|Any CPU
		{7801246C-DBF0-4911-B9F6-302C6FAFF78B}.Debug|x86.ActiveCfg = Debug|Any CPU
		{7801246C-DBF0-4911-B9F6-302C6FAFF78B}.Debug|x86.Build.0 = Debug|Any CPU
		{7801246C-DBF0-4911-B9F6-302C6FAFF78B}.Release|Any CPU.ActiveCfg = Release|Any CPU
		{7801246C-DBF0-4911-B9F6-302C6FAFF78B}.Release|Any CPU.Build.0 = Release|Any CPU
		{7801246C-DBF0-4911-B9F6-302C6FAFF78B}.Release|x64.ActiveCfg = Release|Any CPU
		{7801246C-DBF0-4911-B9F6-302C6FAFF78B}.Release|x64.Build.0 = Release|Any CPU
		{7801246C-DBF0-4911-B9F6-302C6FAFF78B}.Release|x86.ActiveCfg = Release|Any CPU
		{7801246C-DBF0-4911-B9F6-302C6FAFF78B}.Release|x86.Build.0 = Release|Any CPU
		{746D0C13-93D7-4837-B8C2-D8B794B6DFA1}.Debug|Any CPU.ActiveCfg = Debug|Any CPU
		{746D0C13-93D7-4837-B8C2-D8B794B6DFA1}.Debug|Any CPU.Build.0 = Debug|Any CPU
		{746D0C13-93D7-4837-B8C2-D8B794B6DFA1}.Debug|x64.ActiveCfg = Debug|Any CPU
		{746D0C13-93D7-4837-B8C2-D8B794B6DFA1}.Debug|x64.Build.0 = Debug|Any CPU
		{746D0C13-93D7-4837-B8C2-D8B794B6DFA1}.Debug|x86.ActiveCfg = Debug|Any CPU
		{746D0C13-93D7-4837-B8C2-D8B794B6DFA1}.Debug|x86.Build.0 = Debug|Any CPU
		{746D0C13-93D7-4837-B8C2-D8B794B6DFA1}.Release|Any CPU.ActiveCfg = Release|Any CPU
		{746D0C13-93D7-4837-B8C2-D8B794B6DFA1}.Release|Any CPU.Build.0 = Release|Any CPU
		{746D0C13-93D7-4837-B8C2-D8B794B6DFA1}.Release|x64.ActiveCfg = Release|Any CPU
		{746D0C13-93D7-4837-B8C2-D8B794B6DFA1}.Release|x64.Build.0 = Release|Any CPU
		{746D0C13-93D7-4837-B8C2-D8B794B6DFA1}.Release|x86.ActiveCfg = Release|Any CPU
		{746D0C13-93D7-4837-B8C2-D8B794B6DFA1}.Release|x86.Build.0 = Release|Any CPU
		{D140BFC3-672A-44C6-B18A-94EF3D385737}.Debug|Any CPU.ActiveCfg = Debug|Any CPU
		{D140BFC3-672A-44C6-B18A-94EF3D385737}.Debug|Any CPU.Build.0 = Debug|Any CPU
		{D140BFC3-672A-44C6-B18A-94EF3D385737}.Debug|x64.ActiveCfg = Debug|Any CPU
		{D140BFC3-672A-44C6-B18A-94EF3D385737}.Debug|x64.Build.0 = Debug|Any CPU
		{D140BFC3-672A-44C6-B18A-94EF3D385737}.Debug|x86.ActiveCfg = Debug|Any CPU
		{D140BFC3-672A-44C6-B18A-94EF3D385737}.Debug|x86.Build.0 = Debug|Any CPU
		{D140BFC3-672A-44C6-B18A-94EF3D385737}.Release|Any CPU.ActiveCfg = Release|Any CPU
		{D140BFC3-672A-44C6-B18A-94EF3D385737}.Release|Any CPU.Build.0 = Release|Any CPU
		{D140BFC3-672A-44C6-B18A-94EF3D385737}.Release|x64.ActiveCfg = Release|Any CPU
		{D140BFC3-672A-44C6-B18A-94EF3D385737}.Release|x64.Build.0 = Release|Any CPU
		{D140BFC3-672A-44C6-B18A-94EF3D385737}.Release|x86.ActiveCfg = Release|Any CPU
		{D140BFC3-672A-44C6-B18A-94EF3D385737}.Release|x86.Build.0 = Release|Any CPU
	EndGlobalSection
	GlobalSection(NestedProjects) = preSolution
		{3120AFB5-BB5E-4603-8B8D-9AC28F6F3BE8} = {83F32D3F-D150-498C-A71F-870C239A5AB6}
		{7801246C-DBF0-4911-B9F6-302C6FAFF78B} = {83F32D3F-D150-498C-A71F-870C239A5AB6}
		{746D0C13-93D7-4837-B8C2-D8B794B6DFA1} = {83F32D3F-D150-498C-A71F-870C239A5AB6}
		{D140BFC3-672A-44C6-B18A-94EF3D385737} = {83F32D3F-D150-498C-A71F-870C239A5AB6}
	EndGlobalSection
EndGlobal
